// !$*UTF8*$!
{
	archiveVersion = 1;
	classes = {
	};
	objectVersion = 46;
	objects = {

/* Begin PBXBuildFile section */
		A98788C954F1CECE5CA9F705 /* Pods_workshopiOS.framework in Frameworks */ = {isa = PBXBuildFile; fileRef = B11E5A0F0972AF29FA3E714B /* Pods_workshopiOS.framework */; };
		E4176AC01E6B665F005A5EBB /* main.m in Sources */ = {isa = PBXBuildFile; fileRef = E4176ABF1E6B665F005A5EBB /* main.m */; };
		E4176AC31E6B665F005A5EBB /* AppDelegate.m in Sources */ = {isa = PBXBuildFile; fileRef = E4176AC21E6B665F005A5EBB /* AppDelegate.m */; };
		E4176AC91E6B665F005A5EBB /* Main.storyboard in Resources */ = {isa = PBXBuildFile; fileRef = E4176AC71E6B665F005A5EBB /* Main.storyboard */; };
		E4176ACB1E6B665F005A5EBB /* Assets.xcassets in Resources */ = {isa = PBXBuildFile; fileRef = E4176ACA1E6B665F005A5EBB /* Assets.xcassets */; };
		E4176ACE1E6B665F005A5EBB /* LaunchScreen.storyboard in Resources */ = {isa = PBXBuildFile; fileRef = E4176ACC1E6B665F005A5EBB /* LaunchScreen.storyboard */; };
		E4176AD91E6B665F005A5EBB /* workshopiOSTests.m in Sources */ = {isa = PBXBuildFile; fileRef = E4176AD81E6B665F005A5EBB /* workshopiOSTests.m */; };
		E4176AE41E6B665F005A5EBB /* workshopiOSUITests.m in Sources */ = {isa = PBXBuildFile; fileRef = E4176AE31E6B665F005A5EBB /* workshopiOSUITests.m */; };
		E4176AFD1E6C5072005A5EBB /* AppUtils.m in Sources */ = {isa = PBXBuildFile; fileRef = E4176AFC1E6C5072005A5EBB /* AppUtils.m */; };
		E4176B021E6C50B0005A5EBB /* InitialSetUpViewController.m in Sources */ = {isa = PBXBuildFile; fileRef = E4176B011E6C50B0005A5EBB /* InitialSetUpViewController.m */; };
		E4176B041E6C50BF005A5EBB /* InitialSetUp.storyboard in Resources */ = {isa = PBXBuildFile; fileRef = E4176B031E6C50BF005A5EBB /* InitialSetUp.storyboard */; };
		E4176B071E6C50E0005A5EBB /* TabBarViewController.m in Sources */ = {isa = PBXBuildFile; fileRef = E4176B061E6C50E0005A5EBB /* TabBarViewController.m */; };
		E4176B091E6C510F005A5EBB /* Login.storyboard in Resources */ = {isa = PBXBuildFile; fileRef = E4176B081E6C510F005A5EBB /* Login.storyboard */; };
		E4176B0B1E6C5119005A5EBB /* Home.storyboard in Resources */ = {isa = PBXBuildFile; fileRef = E4176B0A1E6C5119005A5EBB /* Home.storyboard */; };
		E4176B0D1E6C5123005A5EBB /* About.storyboard in Resources */ = {isa = PBXBuildFile; fileRef = E4176B0C1E6C5123005A5EBB /* About.storyboard */; };
		E4176B0F1E6C512F005A5EBB /* Creation.storyboard in Resources */ = {isa = PBXBuildFile; fileRef = E4176B0E1E6C512F005A5EBB /* Creation.storyboard */; };
		E4176B171E6C51D8005A5EBB /* LoginViewController.m in Sources */ = {isa = PBXBuildFile; fileRef = E4176B161E6C51D8005A5EBB /* LoginViewController.m */; };
		E4176B1B1E6C53B4005A5EBB /* HomeViewController.m in Sources */ = {isa = PBXBuildFile; fileRef = E4176B1A1E6C53B4005A5EBB /* HomeViewController.m */; };
		E4176B1F1E6C53E1005A5EBB /* RaffleTypeViewController.m in Sources */ = {isa = PBXBuildFile; fileRef = E4176B1E1E6C53E1005A5EBB /* RaffleTypeViewController.m */; };
		E4176B231E6C5407005A5EBB /* AboutViewController.m in Sources */ = {isa = PBXBuildFile; fileRef = E4176B221E6C5407005A5EBB /* AboutViewController.m */; };
		E4176B2A1E6C8E45005A5EBB /* RaffleTableViewCell.m in Sources */ = {isa = PBXBuildFile; fileRef = E4176B261E6C8E45005A5EBB /* RaffleTableViewCell.m */; };
		E4176B2B1E6C8E45005A5EBB /* PersonTableViewCell.m in Sources */ = {isa = PBXBuildFile; fileRef = E4176B291E6C8E45005A5EBB /* PersonTableViewCell.m */; };
		E4176B2F1E6CEDB0005A5EBB /* RaffleDetailViewController.m in Sources */ = {isa = PBXBuildFile; fileRef = E4176B2E1E6CEDB0005A5EBB /* RaffleDetailViewController.m */; };
		E4EB94481E6E11C3001CE6C5 /* CreationFollowersViewController.m in Sources */ = {isa = PBXBuildFile; fileRef = E4EB94471E6E11C3001CE6C5 /* CreationFollowersViewController.m */; };
/* End PBXBuildFile section */

/* Begin PBXContainerItemProxy section */
		E4176AD51E6B665F005A5EBB /* PBXContainerItemProxy */ = {
			isa = PBXContainerItemProxy;
			containerPortal = E4176AB31E6B665F005A5EBB /* Project object */;
			proxyType = 1;
			remoteGlobalIDString = E4176ABA1E6B665F005A5EBB;
			remoteInfo = workshopiOS;
		};
		E4176AE01E6B665F005A5EBB /* PBXContainerItemProxy */ = {
			isa = PBXContainerItemProxy;
			containerPortal = E4176AB31E6B665F005A5EBB /* Project object */;
			proxyType = 1;
			remoteGlobalIDString = E4176ABA1E6B665F005A5EBB;
			remoteInfo = workshopiOS;
		};
/* End PBXContainerItemProxy section */

/* Begin PBXFileReference section */
		09A9326A5F7E50476348B0D7 /* Pods-workshopiOS.release.xcconfig */ = {isa = PBXFileReference; includeInIndex = 1; lastKnownFileType = text.xcconfig; name = "Pods-workshopiOS.release.xcconfig"; path = "Pods/Target Support Files/Pods-workshopiOS/Pods-workshopiOS.release.xcconfig"; sourceTree = "<group>"; };
		6B7B278326BD58B5FC719E9B /* Pods-workshopiOS.debug.xcconfig */ = {isa = PBXFileReference; includeInIndex = 1; lastKnownFileType = text.xcconfig; name = "Pods-workshopiOS.debug.xcconfig"; path = "Pods/Target Support Files/Pods-workshopiOS/Pods-workshopiOS.debug.xcconfig"; sourceTree = "<group>"; };
		B11E5A0F0972AF29FA3E714B /* Pods_workshopiOS.framework */ = {isa = PBXFileReference; explicitFileType = wrapper.framework; includeInIndex = 0; path = Pods_workshopiOS.framework; sourceTree = BUILT_PRODUCTS_DIR; };
		E4176ABB1E6B665F005A5EBB /* workshopiOS.app */ = {isa = PBXFileReference; explicitFileType = wrapper.application; includeInIndex = 0; path = workshopiOS.app; sourceTree = BUILT_PRODUCTS_DIR; };
		E4176ABF1E6B665F005A5EBB /* main.m */ = {isa = PBXFileReference; lastKnownFileType = sourcecode.c.objc; path = main.m; sourceTree = "<group>"; };
		E4176AC11E6B665F005A5EBB /* AppDelegate.h */ = {isa = PBXFileReference; lastKnownFileType = sourcecode.c.h; path = AppDelegate.h; sourceTree = "<group>"; };
		E4176AC21E6B665F005A5EBB /* AppDelegate.m */ = {isa = PBXFileReference; lastKnownFileType = sourcecode.c.objc; path = AppDelegate.m; sourceTree = "<group>"; };
		E4176AC81E6B665F005A5EBB /* Base */ = {isa = PBXFileReference; lastKnownFileType = file.storyboard; name = Base; path = Base.lproj/Main.storyboard; sourceTree = "<group>"; };
		E4176ACA1E6B665F005A5EBB /* Assets.xcassets */ = {isa = PBXFileReference; lastKnownFileType = folder.assetcatalog; path = Assets.xcassets; sourceTree = "<group>"; };
		E4176ACD1E6B665F005A5EBB /* Base */ = {isa = PBXFileReference; lastKnownFileType = file.storyboard; name = Base; path = Base.lproj/LaunchScreen.storyboard; sourceTree = "<group>"; };
		E4176ACF1E6B665F005A5EBB /* Info.plist */ = {isa = PBXFileReference; lastKnownFileType = text.plist.xml; path = Info.plist; sourceTree = "<group>"; };
		E4176AD41E6B665F005A5EBB /* workshopiOSTests.xctest */ = {isa = PBXFileReference; explicitFileType = wrapper.cfbundle; includeInIndex = 0; path = workshopiOSTests.xctest; sourceTree = BUILT_PRODUCTS_DIR; };
		E4176AD81E6B665F005A5EBB /* workshopiOSTests.m */ = {isa = PBXFileReference; lastKnownFileType = sourcecode.c.objc; path = workshopiOSTests.m; sourceTree = "<group>"; };
		E4176ADA1E6B665F005A5EBB /* Info.plist */ = {isa = PBXFileReference; lastKnownFileType = text.plist.xml; path = Info.plist; sourceTree = "<group>"; };
		E4176ADF1E6B665F005A5EBB /* workshopiOSUITests.xctest */ = {isa = PBXFileReference; explicitFileType = wrapper.cfbundle; includeInIndex = 0; path = workshopiOSUITests.xctest; sourceTree = BUILT_PRODUCTS_DIR; };
		E4176AE31E6B665F005A5EBB /* workshopiOSUITests.m */ = {isa = PBXFileReference; lastKnownFileType = sourcecode.c.objc; path = workshopiOSUITests.m; sourceTree = "<group>"; };
		E4176AE51E6B665F005A5EBB /* Info.plist */ = {isa = PBXFileReference; lastKnownFileType = text.plist.xml; path = Info.plist; sourceTree = "<group>"; };
		E4176AFB1E6C5072005A5EBB /* AppUtils.h */ = {isa = PBXFileReference; fileEncoding = 4; lastKnownFileType = sourcecode.c.h; path = AppUtils.h; sourceTree = "<group>"; };
		E4176AFC1E6C5072005A5EBB /* AppUtils.m */ = {isa = PBXFileReference; fileEncoding = 4; lastKnownFileType = sourcecode.c.objc; path = AppUtils.m; sourceTree = "<group>"; };
		E4176AFE1E6C5082005A5EBB /* Urls.h */ = {isa = PBXFileReference; lastKnownFileType = sourcecode.c.h; path = Urls.h; sourceTree = "<group>"; };
		E4176AFF1E6C508D005A5EBB /* Constants.h */ = {isa = PBXFileReference; lastKnownFileType = sourcecode.c.h; path = Constants.h; sourceTree = "<group>"; };
		E4176B001E6C50B0005A5EBB /* InitialSetUpViewController.h */ = {isa = PBXFileReference; fileEncoding = 4; lastKnownFileType = sourcecode.c.h; path = InitialSetUpViewController.h; sourceTree = "<group>"; };
		E4176B011E6C50B0005A5EBB /* InitialSetUpViewController.m */ = {isa = PBXFileReference; fileEncoding = 4; lastKnownFileType = sourcecode.c.objc; path = InitialSetUpViewController.m; sourceTree = "<group>"; };
		E4176B031E6C50BF005A5EBB /* InitialSetUp.storyboard */ = {isa = PBXFileReference; fileEncoding = 4; lastKnownFileType = file.storyboard; path = InitialSetUp.storyboard; sourceTree = "<group>"; };
		E4176B051E6C50E0005A5EBB /* TabBarViewController.h */ = {isa = PBXFileReference; fileEncoding = 4; lastKnownFileType = sourcecode.c.h; path = TabBarViewController.h; sourceTree = "<group>"; };
		E4176B061E6C50E0005A5EBB /* TabBarViewController.m */ = {isa = PBXFileReference; fileEncoding = 4; lastKnownFileType = sourcecode.c.objc; path = TabBarViewController.m; sourceTree = "<group>"; };
		E4176B081E6C510F005A5EBB /* Login.storyboard */ = {isa = PBXFileReference; fileEncoding = 4; lastKnownFileType = file.storyboard; path = Login.storyboard; sourceTree = "<group>"; };
		E4176B0A1E6C5119005A5EBB /* Home.storyboard */ = {isa = PBXFileReference; fileEncoding = 4; lastKnownFileType = file.storyboard; path = Home.storyboard; sourceTree = "<group>"; };
		E4176B0C1E6C5123005A5EBB /* About.storyboard */ = {isa = PBXFileReference; fileEncoding = 4; lastKnownFileType = file.storyboard; path = About.storyboard; sourceTree = "<group>"; };
		E4176B0E1E6C512F005A5EBB /* Creation.storyboard */ = {isa = PBXFileReference; fileEncoding = 4; lastKnownFileType = file.storyboard; path = Creation.storyboard; sourceTree = "<group>"; };
		E4176B151E6C51D8005A5EBB /* LoginViewController.h */ = {isa = PBXFileReference; fileEncoding = 4; lastKnownFileType = sourcecode.c.h; path = LoginViewController.h; sourceTree = "<group>"; };
		E4176B161E6C51D8005A5EBB /* LoginViewController.m */ = {isa = PBXFileReference; fileEncoding = 4; lastKnownFileType = sourcecode.c.objc; path = LoginViewController.m; sourceTree = "<group>"; };
		E4176B191E6C53B4005A5EBB /* HomeViewController.h */ = {isa = PBXFileReference; fileEncoding = 4; lastKnownFileType = sourcecode.c.h; path = HomeViewController.h; sourceTree = "<group>"; };
		E4176B1A1E6C53B4005A5EBB /* HomeViewController.m */ = {isa = PBXFileReference; fileEncoding = 4; lastKnownFileType = sourcecode.c.objc; path = HomeViewController.m; sourceTree = "<group>"; };
		E4176B1D1E6C53E1005A5EBB /* RaffleTypeViewController.h */ = {isa = PBXFileReference; fileEncoding = 4; lastKnownFileType = sourcecode.c.h; path = RaffleTypeViewController.h; sourceTree = "<group>"; };
		E4176B1E1E6C53E1005A5EBB /* RaffleTypeViewController.m */ = {isa = PBXFileReference; fileEncoding = 4; lastKnownFileType = sourcecode.c.objc; path = RaffleTypeViewController.m; sourceTree = "<group>"; };
		E4176B211E6C5407005A5EBB /* AboutViewController.h */ = {isa = PBXFileReference; fileEncoding = 4; lastKnownFileType = sourcecode.c.h; path = AboutViewController.h; sourceTree = "<group>"; };
		E4176B221E6C5407005A5EBB /* AboutViewController.m */ = {isa = PBXFileReference; fileEncoding = 4; lastKnownFileType = sourcecode.c.objc; path = AboutViewController.m; sourceTree = "<group>"; };
		E4176B251E6C8E45005A5EBB /* RaffleTableViewCell.h */ = {isa = PBXFileReference; fileEncoding = 4; lastKnownFileType = sourcecode.c.h; path = RaffleTableViewCell.h; sourceTree = "<group>"; };
		E4176B261E6C8E45005A5EBB /* RaffleTableViewCell.m */ = {isa = PBXFileReference; fileEncoding = 4; lastKnownFileType = sourcecode.c.objc; path = RaffleTableViewCell.m; sourceTree = "<group>"; };
		E4176B281E6C8E45005A5EBB /* PersonTableViewCell.h */ = {isa = PBXFileReference; fileEncoding = 4; lastKnownFileType = sourcecode.c.h; path = PersonTableViewCell.h; sourceTree = "<group>"; };
		E4176B291E6C8E45005A5EBB /* PersonTableViewCell.m */ = {isa = PBXFileReference; fileEncoding = 4; lastKnownFileType = sourcecode.c.objc; path = PersonTableViewCell.m; sourceTree = "<group>"; };
		E4176B2D1E6CEDB0005A5EBB /* RaffleDetailViewController.h */ = {isa = PBXFileReference; fileEncoding = 4; lastKnownFileType = sourcecode.c.h; path = RaffleDetailViewController.h; sourceTree = "<group>"; };
		E4176B2E1E6CEDB0005A5EBB /* RaffleDetailViewController.m */ = {isa = PBXFileReference; fileEncoding = 4; lastKnownFileType = sourcecode.c.objc; path = RaffleDetailViewController.m; sourceTree = "<group>"; };
		E4EB94461E6E11C3001CE6C5 /* CreationFollowersViewController.h */ = {isa = PBXFileReference; fileEncoding = 4; lastKnownFileType = sourcecode.c.h; path = CreationFollowersViewController.h; sourceTree = "<group>"; };
		E4EB94471E6E11C3001CE6C5 /* CreationFollowersViewController.m */ = {isa = PBXFileReference; fileEncoding = 4; lastKnownFileType = sourcecode.c.objc; path = CreationFollowersViewController.m; sourceTree = "<group>"; };
/* End PBXFileReference section */

/* Begin PBXFrameworksBuildPhase section */
		E4176AB81E6B665F005A5EBB /* Frameworks */ = {
			isa = PBXFrameworksBuildPhase;
			buildActionMask = 2147483647;
			files = (
				A98788C954F1CECE5CA9F705 /* Pods_workshopiOS.framework in Frameworks */,
			);
			runOnlyForDeploymentPostprocessing = 0;
		};
		E4176AD11E6B665F005A5EBB /* Frameworks */ = {
			isa = PBXFrameworksBuildPhase;
			buildActionMask = 2147483647;
			files = (
			);
			runOnlyForDeploymentPostprocessing = 0;
		};
		E4176ADC1E6B665F005A5EBB /* Frameworks */ = {
			isa = PBXFrameworksBuildPhase;
			buildActionMask = 2147483647;
			files = (
			);
			runOnlyForDeploymentPostprocessing = 0;
		};
/* End PBXFrameworksBuildPhase section */

/* Begin PBXGroup section */
		1632F8A7A88A8FEEA4B4476F /* Frameworks */ = {
			isa = PBXGroup;
			children = (
				B11E5A0F0972AF29FA3E714B /* Pods_workshopiOS.framework */,
			);
			name = Frameworks;
			sourceTree = "<group>";
		};
		259F880A33F4B11692F41541 /* Pods */ = {
			isa = PBXGroup;
			children = (
				6B7B278326BD58B5FC719E9B /* Pods-workshopiOS.debug.xcconfig */,
				09A9326A5F7E50476348B0D7 /* Pods-workshopiOS.release.xcconfig */,
			);
			name = Pods;
			sourceTree = "<group>";
		};
		E4176AB21E6B665F005A5EBB = {
			isa = PBXGroup;
			children = (
				E4176ABD1E6B665F005A5EBB /* workshopiOS */,
				E4176AD71E6B665F005A5EBB /* workshopiOSTests */,
				E4176AE21E6B665F005A5EBB /* workshopiOSUITests */,
				E4176ABC1E6B665F005A5EBB /* Products */,
				259F880A33F4B11692F41541 /* Pods */,
				1632F8A7A88A8FEEA4B4476F /* Frameworks */,
			);
			sourceTree = "<group>";
		};
		E4176ABC1E6B665F005A5EBB /* Products */ = {
			isa = PBXGroup;
			children = (
				E4176ABB1E6B665F005A5EBB /* workshopiOS.app */,
				E4176AD41E6B665F005A5EBB /* workshopiOSTests.xctest */,
				E4176ADF1E6B665F005A5EBB /* workshopiOSUITests.xctest */,
			);
			name = Products;
			sourceTree = "<group>";
		};
		E4176ABD1E6B665F005A5EBB /* workshopiOS */ = {
			isa = PBXGroup;
			children = (
				E4176AC11E6B665F005A5EBB /* AppDelegate.h */,
				E4176AC21E6B665F005A5EBB /* AppDelegate.m */,
				E4176ACF1E6B665F005A5EBB /* Info.plist */,
				E4176B0C1E6C5123005A5EBB /* About.storyboard */,
				E4176B0E1E6C512F005A5EBB /* Creation.storyboard */,
				E4176B0A1E6C5119005A5EBB /* Home.storyboard */,
				E4176B081E6C510F005A5EBB /* Login.storyboard */,
				E4176ACA1E6B665F005A5EBB /* Assets.xcassets */,
				E4176ACC1E6B665F005A5EBB /* LaunchScreen.storyboard */,
				E4176AC71E6B665F005A5EBB /* Main.storyboard */,
				E4176AF91E6C4E40005A5EBB /* Config */,
				E4176AF81E6C4E40005A5EBB /* InitialSetUp */,
				E4176AF71E6C4E40005A5EBB /* Managers */,
				E4176AF61E6C4E40005A5EBB /* Models */,
				E4176AF51E6C4E40005A5EBB /* Parsers */,
				E4176AF41E6C4E40005A5EBB /* ReusableViews */,
				E4176ABE1E6B665F005A5EBB /* Supporting Files */,
				E4176AFA1E6C4E86005A5EBB /* TabBarControllers */,
				E4176AF31E6C4E40005A5EBB /* TableCells */,
				E4176AF21E6C4E40005A5EBB /* ViewControllers */,
			);
			path = workshopiOS;
			sourceTree = "<group>";
		};
		E4176ABE1E6B665F005A5EBB /* Supporting Files */ = {
			isa = PBXGroup;
			children = (
				E4176ABF1E6B665F005A5EBB /* main.m */,
			);
			name = "Supporting Files";
			sourceTree = "<group>";
		};
		E4176AD71E6B665F005A5EBB /* workshopiOSTests */ = {
			isa = PBXGroup;
			children = (
				E4176AD81E6B665F005A5EBB /* workshopiOSTests.m */,
				E4176ADA1E6B665F005A5EBB /* Info.plist */,
			);
			path = workshopiOSTests;
			sourceTree = "<group>";
		};
		E4176AE21E6B665F005A5EBB /* workshopiOSUITests */ = {
			isa = PBXGroup;
			children = (
				E4176AE31E6B665F005A5EBB /* workshopiOSUITests.m */,
				E4176AE51E6B665F005A5EBB /* Info.plist */,
			);
			path = workshopiOSUITests;
			sourceTree = "<group>";
		};
		E4176AF21E6C4E40005A5EBB /* ViewControllers */ = {
			isa = PBXGroup;
			children = (
				E4176B101E6C51C3005A5EBB /* Login */,
				E4176B121E6C51C3005A5EBB /* Home */,
				E4176B131E6C51C3005A5EBB /* Creation */,
				E4176B141E6C51C4005A5EBB /* About */,
			);
			path = ViewControllers;
			sourceTree = "<group>";
		};
		E4176AF31E6C4E40005A5EBB /* TableCells */ = {
			isa = PBXGroup;
			children = (
				E4176B241E6C8E45005A5EBB /* RaffleTableViewCell */,
				E4176B271E6C8E45005A5EBB /* PersonTableViewCell */,
			);
			path = TableCells;
			sourceTree = "<group>";
		};
		E4176AF41E6C4E40005A5EBB /* ReusableViews */ = {
			isa = PBXGroup;
			children = (
			);
			path = ReusableViews;
			sourceTree = "<group>";
		};
		E4176AF51E6C4E40005A5EBB /* Parsers */ = {
			isa = PBXGroup;
			children = (
			);
			path = Parsers;
			sourceTree = "<group>";
		};
		E4176AF61E6C4E40005A5EBB /* Models */ = {
			isa = PBXGroup;
			children = (
			);
			path = Models;
			sourceTree = "<group>";
		};
		E4176AF71E6C4E40005A5EBB /* Managers */ = {
			isa = PBXGroup;
			children = (
			);
			path = Managers;
			sourceTree = "<group>";
		};
		E4176AF81E6C4E40005A5EBB /* InitialSetUp */ = {
			isa = PBXGroup;
			children = (
				E4176B001E6C50B0005A5EBB /* InitialSetUpViewController.h */,
				E4176B011E6C50B0005A5EBB /* InitialSetUpViewController.m */,
				E4176B031E6C50BF005A5EBB /* InitialSetUp.storyboard */,
			);
			path = InitialSetUp;
			sourceTree = "<group>";
		};
		E4176AF91E6C4E40005A5EBB /* Config */ = {
			isa = PBXGroup;
			children = (
				E4176AFB1E6C5072005A5EBB /* AppUtils.h */,
				E4176AFC1E6C5072005A5EBB /* AppUtils.m */,
				E4176AFE1E6C5082005A5EBB /* Urls.h */,
				E4176AFF1E6C508D005A5EBB /* Constants.h */,
			);
			path = Config;
			sourceTree = "<group>";
		};
		E4176AFA1E6C4E86005A5EBB /* TabBarControllers */ = {
			isa = PBXGroup;
			children = (
				E4176B051E6C50E0005A5EBB /* TabBarViewController.h */,
				E4176B061E6C50E0005A5EBB /* TabBarViewController.m */,
			);
			path = TabBarControllers;
			sourceTree = "<group>";
		};
		E4176B101E6C51C3005A5EBB /* Login */ = {
			isa = PBXGroup;
			children = (
				E4176B111E6C51C3005A5EBB /* LoginViewController */,
			);
			path = Login;
			sourceTree = "<group>";
		};
		E4176B111E6C51C3005A5EBB /* LoginViewController */ = {
			isa = PBXGroup;
			children = (
				E4176B151E6C51D8005A5EBB /* LoginViewController.h */,
				E4176B161E6C51D8005A5EBB /* LoginViewController.m */,
			);
			path = LoginViewController;
			sourceTree = "<group>";
		};
		E4176B121E6C51C3005A5EBB /* Home */ = {
			isa = PBXGroup;
			children = (
				E4176B181E6C53B4005A5EBB /* HomeViewController */,
			);
			path = Home;
			sourceTree = "<group>";
		};
		E4176B131E6C51C3005A5EBB /* Creation */ = {
			isa = PBXGroup;
			children = (
				E4EB94451E6E11B1001CE6C5 /* CreationFollowersViewController */,
				E4176B2C1E6CEDB0005A5EBB /* RaffleDetailViewController */,
				E4176B1C1E6C53E1005A5EBB /* RaffleTypeViewController */,
			);
			path = Creation;
			sourceTree = "<group>";
		};
		E4176B141E6C51C4005A5EBB /* About */ = {
			isa = PBXGroup;
			children = (
				E4176B201E6C5407005A5EBB /* AboutViewController */,
			);
			path = About;
			sourceTree = "<group>";
		};
		E4176B181E6C53B4005A5EBB /* HomeViewController */ = {
			isa = PBXGroup;
			children = (
				E4176B191E6C53B4005A5EBB /* HomeViewController.h */,
				E4176B1A1E6C53B4005A5EBB /* HomeViewController.m */,
			);
			path = HomeViewController;
			sourceTree = "<group>";
		};
		E4176B1C1E6C53E1005A5EBB /* RaffleTypeViewController */ = {
			isa = PBXGroup;
			children = (
				E4176B1D1E6C53E1005A5EBB /* RaffleTypeViewController.h */,
				E4176B1E1E6C53E1005A5EBB /* RaffleTypeViewController.m */,
			);
			path = RaffleTypeViewController;
			sourceTree = "<group>";
		};
		E4176B201E6C5407005A5EBB /* AboutViewController */ = {
			isa = PBXGroup;
			children = (
				E4176B211E6C5407005A5EBB /* AboutViewController.h */,
				E4176B221E6C5407005A5EBB /* AboutViewController.m */,
			);
			path = AboutViewController;
			sourceTree = "<group>";
		};
		E4176B241E6C8E45005A5EBB /* RaffleTableViewCell */ = {
			isa = PBXGroup;
			children = (
				E4176B251E6C8E45005A5EBB /* RaffleTableViewCell.h */,
				E4176B261E6C8E45005A5EBB /* RaffleTableViewCell.m */,
			);
			path = RaffleTableViewCell;
			sourceTree = "<group>";
		};
		E4176B271E6C8E45005A5EBB /* PersonTableViewCell */ = {
			isa = PBXGroup;
			children = (
				E4176B281E6C8E45005A5EBB /* PersonTableViewCell.h */,
				E4176B291E6C8E45005A5EBB /* PersonTableViewCell.m */,
			);
			path = PersonTableViewCell;
			sourceTree = "<group>";
		};
		E4176B2C1E6CEDB0005A5EBB /* RaffleDetailViewController */ = {
			isa = PBXGroup;
			children = (
				E4176B2D1E6CEDB0005A5EBB /* RaffleDetailViewController.h */,
				E4176B2E1E6CEDB0005A5EBB /* RaffleDetailViewController.m */,
			);
			path = RaffleDetailViewController;
			sourceTree = "<group>";
		};
		E4EB94451E6E11B1001CE6C5 /* CreationFollowersViewController */ = {
			isa = PBXGroup;
			children = (
				E4EB94461E6E11C3001CE6C5 /* CreationFollowersViewController.h */,
				E4EB94471E6E11C3001CE6C5 /* CreationFollowersViewController.m */,
			);
			path = CreationFollowersViewController;
			sourceTree = "<group>";
		};
/* End PBXGroup section */

/* Begin PBXNativeTarget section */
		E4176ABA1E6B665F005A5EBB /* workshopiOS */ = {
			isa = PBXNativeTarget;
			buildConfigurationList = E4176AE81E6B665F005A5EBB /* Build configuration list for PBXNativeTarget "workshopiOS" */;
			buildPhases = (
				102A95563B7E8017B49DCB9F /* [CP] Check Pods Manifest.lock */,
				E4176AB71E6B665F005A5EBB /* Sources */,
				E4176AB81E6B665F005A5EBB /* Frameworks */,
				E4176AB91E6B665F005A5EBB /* Resources */,
				A17B787D4C7C5E3896B3D771 /* [CP] Embed Pods Frameworks */,
				8B3972576204BE2FEDAD050C /* [CP] Copy Pods Resources */,
			);
			buildRules = (
			);
			dependencies = (
			);
			name = workshopiOS;
			productName = workshopiOS;
			productReference = E4176ABB1E6B665F005A5EBB /* workshopiOS.app */;
			productType = "com.apple.product-type.application";
		};
		E4176AD31E6B665F005A5EBB /* workshopiOSTests */ = {
			isa = PBXNativeTarget;
			buildConfigurationList = E4176AEB1E6B665F005A5EBB /* Build configuration list for PBXNativeTarget "workshopiOSTests" */;
			buildPhases = (
				E4176AD01E6B665F005A5EBB /* Sources */,
				E4176AD11E6B665F005A5EBB /* Frameworks */,
				E4176AD21E6B665F005A5EBB /* Resources */,
			);
			buildRules = (
			);
			dependencies = (
				E4176AD61E6B665F005A5EBB /* PBXTargetDependency */,
			);
			name = workshopiOSTests;
			productName = workshopiOSTests;
			productReference = E4176AD41E6B665F005A5EBB /* workshopiOSTests.xctest */;
			productType = "com.apple.product-type.bundle.unit-test";
		};
		E4176ADE1E6B665F005A5EBB /* workshopiOSUITests */ = {
			isa = PBXNativeTarget;
			buildConfigurationList = E4176AEE1E6B665F005A5EBB /* Build configuration list for PBXNativeTarget "workshopiOSUITests" */;
			buildPhases = (
				E4176ADB1E6B665F005A5EBB /* Sources */,
				E4176ADC1E6B665F005A5EBB /* Frameworks */,
				E4176ADD1E6B665F005A5EBB /* Resources */,
			);
			buildRules = (
			);
			dependencies = (
				E4176AE11E6B665F005A5EBB /* PBXTargetDependency */,
			);
			name = workshopiOSUITests;
			productName = workshopiOSUITests;
			productReference = E4176ADF1E6B665F005A5EBB /* workshopiOSUITests.xctest */;
			productType = "com.apple.product-type.bundle.ui-testing";
		};
/* End PBXNativeTarget section */

/* Begin PBXProject section */
		E4176AB31E6B665F005A5EBB /* Project object */ = {
			isa = PBXProject;
			attributes = {
				LastUpgradeCheck = 0820;
				ORGANIZATIONNAME = "Yasmin Benatti";
				TargetAttributes = {
					E4176ABA1E6B665F005A5EBB = {
						CreatedOnToolsVersion = 8.2.1;
						ProvisioningStyle = Automatic;
					};
					E4176AD31E6B665F005A5EBB = {
						CreatedOnToolsVersion = 8.2.1;
						ProvisioningStyle = Automatic;
						TestTargetID = E4176ABA1E6B665F005A5EBB;
					};
					E4176ADE1E6B665F005A5EBB = {
						CreatedOnToolsVersion = 8.2.1;
						ProvisioningStyle = Automatic;
						TestTargetID = E4176ABA1E6B665F005A5EBB;
					};
				};
			};
			buildConfigurationList = E4176AB61E6B665F005A5EBB /* Build configuration list for PBXProject "workshopiOS" */;
			compatibilityVersion = "Xcode 3.2";
			developmentRegion = English;
			hasScannedForEncodings = 0;
			knownRegions = (
				en,
				Base,
			);
			mainGroup = E4176AB21E6B665F005A5EBB;
			productRefGroup = E4176ABC1E6B665F005A5EBB /* Products */;
			projectDirPath = "";
			projectRoot = "";
			targets = (
				E4176ABA1E6B665F005A5EBB /* workshopiOS */,
				E4176AD31E6B665F005A5EBB /* workshopiOSTests */,
				E4176ADE1E6B665F005A5EBB /* workshopiOSUITests */,
			);
		};
/* End PBXProject section */

/* Begin PBXResourcesBuildPhase section */
		E4176AB91E6B665F005A5EBB /* Resources */ = {
			isa = PBXResourcesBuildPhase;
			buildActionMask = 2147483647;
			files = (
				E4176ACE1E6B665F005A5EBB /* LaunchScreen.storyboard in Resources */,
				E4176B0D1E6C5123005A5EBB /* About.storyboard in Resources */,
				E4176B041E6C50BF005A5EBB /* InitialSetUp.storyboard in Resources */,
				E4176ACB1E6B665F005A5EBB /* Assets.xcassets in Resources */,
				E4176B0B1E6C5119005A5EBB /* Home.storyboard in Resources */,
				E4176B091E6C510F005A5EBB /* Login.storyboard in Resources */,
				E4176AC91E6B665F005A5EBB /* Main.storyboard in Resources */,
				E4176B0F1E6C512F005A5EBB /* Creation.storyboard in Resources */,
			);
			runOnlyForDeploymentPostprocessing = 0;
		};
		E4176AD21E6B665F005A5EBB /* Resources */ = {
			isa = PBXResourcesBuildPhase;
			buildActionMask = 2147483647;
			files = (
			);
			runOnlyForDeploymentPostprocessing = 0;
		};
		E4176ADD1E6B665F005A5EBB /* Resources */ = {
			isa = PBXResourcesBuildPhase;
			buildActionMask = 2147483647;
			files = (
			);
			runOnlyForDeploymentPostprocessing = 0;
		};
/* End PBXResourcesBuildPhase section */

/* Begin PBXShellScriptBuildPhase section */
		102A95563B7E8017B49DCB9F /* [CP] Check Pods Manifest.lock */ = {
			isa = PBXShellScriptBuildPhase;
			buildActionMask = 2147483647;
			files = (
			);
			inputPaths = (
			);
			name = "[CP] Check Pods Manifest.lock";
			outputPaths = (
			);
			runOnlyForDeploymentPostprocessing = 0;
			shellPath = /bin/sh;
			shellScript = "diff \"${PODS_ROOT}/../Podfile.lock\" \"${PODS_ROOT}/Manifest.lock\" > /dev/null\nif [ $? != 0 ] ; then\n    # print error to STDERR\n    echo \"error: The sandbox is not in sync with the Podfile.lock. Run 'pod install' or update your CocoaPods installation.\" >&2\n    exit 1\nfi\n";
			showEnvVarsInLog = 0;
		};
		8B3972576204BE2FEDAD050C /* [CP] Copy Pods Resources */ = {
			isa = PBXShellScriptBuildPhase;
			buildActionMask = 2147483647;
			files = (
			);
			inputPaths = (
			);
			name = "[CP] Copy Pods Resources";
			outputPaths = (
			);
			runOnlyForDeploymentPostprocessing = 0;
			shellPath = /bin/sh;
			shellScript = "\"${SRCROOT}/Pods/Target Support Files/Pods-workshopiOS/Pods-workshopiOS-resources.sh\"\n";
			showEnvVarsInLog = 0;
		};
		A17B787D4C7C5E3896B3D771 /* [CP] Embed Pods Frameworks */ = {
			isa = PBXShellScriptBuildPhase;
			buildActionMask = 2147483647;
			files = (
			);
			inputPaths = (
			);
			name = "[CP] Embed Pods Frameworks";
			outputPaths = (
			);
			runOnlyForDeploymentPostprocessing = 0;
			shellPath = /bin/sh;
			shellScript = "\"${SRCROOT}/Pods/Target Support Files/Pods-workshopiOS/Pods-workshopiOS-frameworks.sh\"\n";
			showEnvVarsInLog = 0;
		};
/* End PBXShellScriptBuildPhase section */

/* Begin PBXSourcesBuildPhase section */
		E4176AB71E6B665F005A5EBB /* Sources */ = {
			isa = PBXSourcesBuildPhase;
			buildActionMask = 2147483647;
			files = (
				E4176B231E6C5407005A5EBB /* AboutViewController.m in Sources */,
				E4176B071E6C50E0005A5EBB /* TabBarViewController.m in Sources */,
				E4EB94481E6E11C3001CE6C5 /* CreationFollowersViewController.m in Sources */,
				E4176AC31E6B665F005A5EBB /* AppDelegate.m in Sources */,
				E4176B171E6C51D8005A5EBB /* LoginViewController.m in Sources */,
				E4176B021E6C50B0005A5EBB /* InitialSetUpViewController.m in Sources */,
				E4176B2A1E6C8E45005A5EBB /* RaffleTableViewCell.m in Sources */,
				E4176AFD1E6C5072005A5EBB /* AppUtils.m in Sources */,
				E4176B1B1E6C53B4005A5EBB /* HomeViewController.m in Sources */,
				E4176B2B1E6C8E45005A5EBB /* PersonTableViewCell.m in Sources */,
				E4176B2F1E6CEDB0005A5EBB /* RaffleDetailViewController.m in Sources */,
				E4176B1F1E6C53E1005A5EBB /* RaffleTypeViewController.m in Sources */,
				E4176AC01E6B665F005A5EBB /* main.m in Sources */,
			);
			runOnlyForDeploymentPostprocessing = 0;
		};
		E4176AD01E6B665F005A5EBB /* Sources */ = {
			isa = PBXSourcesBuildPhase;
			buildActionMask = 2147483647;
			files = (
				E4176AD91E6B665F005A5EBB /* workshopiOSTests.m in Sources */,
			);
			runOnlyForDeploymentPostprocessing = 0;
		};
		E4176ADB1E6B665F005A5EBB /* Sources */ = {
			isa = PBXSourcesBuildPhase;
			buildActionMask = 2147483647;
			files = (
				E4176AE41E6B665F005A5EBB /* workshopiOSUITests.m in Sources */,
			);
			runOnlyForDeploymentPostprocessing = 0;
		};
/* End PBXSourcesBuildPhase section */

/* Begin PBXTargetDependency section */
		E4176AD61E6B665F005A5EBB /* PBXTargetDependency */ = {
			isa = PBXTargetDependency;
			target = E4176ABA1E6B665F005A5EBB /* workshopiOS */;
			targetProxy = E4176AD51E6B665F005A5EBB /* PBXContainerItemProxy */;
		};
		E4176AE11E6B665F005A5EBB /* PBXTargetDependency */ = {
			isa = PBXTargetDependency;
			target = E4176ABA1E6B665F005A5EBB /* workshopiOS */;
			targetProxy = E4176AE01E6B665F005A5EBB /* PBXContainerItemProxy */;
		};
/* End PBXTargetDependency section */

/* Begin PBXVariantGroup section */
		E4176AC71E6B665F005A5EBB /* Main.storyboard */ = {
			isa = PBXVariantGroup;
			children = (
				E4176AC81E6B665F005A5EBB /* Base */,
			);
			name = Main.storyboard;
			sourceTree = "<group>";
		};
		E4176ACC1E6B665F005A5EBB /* LaunchScreen.storyboard */ = {
			isa = PBXVariantGroup;
			children = (
				E4176ACD1E6B665F005A5EBB /* Base */,
			);
			name = LaunchScreen.storyboard;
			sourceTree = "<group>";
		};
/* End PBXVariantGroup section */

/* Begin XCBuildConfiguration section */
		E4176AE61E6B665F005A5EBB /* Debug */ = {
			isa = XCBuildConfiguration;
			buildSettings = {
				ALWAYS_SEARCH_USER_PATHS = NO;
				CLANG_ANALYZER_NONNULL = YES;
				CLANG_CXX_LANGUAGE_STANDARD = "gnu++0x";
				CLANG_CXX_LIBRARY = "libc++";
				CLANG_ENABLE_MODULES = YES;
				CLANG_ENABLE_OBJC_ARC = YES;
				CLANG_WARN_BOOL_CONVERSION = YES;
				CLANG_WARN_CONSTANT_CONVERSION = YES;
				CLANG_WARN_DIRECT_OBJC_ISA_USAGE = YES_ERROR;
				CLANG_WARN_DOCUMENTATION_COMMENTS = YES;
				CLANG_WARN_EMPTY_BODY = YES;
				CLANG_WARN_ENUM_CONVERSION = YES;
				CLANG_WARN_INFINITE_RECURSION = YES;
				CLANG_WARN_INT_CONVERSION = YES;
				CLANG_WARN_OBJC_ROOT_CLASS = YES_ERROR;
				CLANG_WARN_SUSPICIOUS_MOVE = YES;
				CLANG_WARN_UNREACHABLE_CODE = YES;
				CLANG_WARN__DUPLICATE_METHOD_MATCH = YES;
				"CODE_SIGN_IDENTITY[sdk=iphoneos*]" = "iPhone Developer";
				COPY_PHASE_STRIP = NO;
				DEBUG_INFORMATION_FORMAT = dwarf;
				ENABLE_STRICT_OBJC_MSGSEND = YES;
				ENABLE_TESTABILITY = YES;
				GCC_C_LANGUAGE_STANDARD = gnu99;
				GCC_DYNAMIC_NO_PIC = NO;
				GCC_NO_COMMON_BLOCKS = YES;
				GCC_OPTIMIZATION_LEVEL = 0;
				GCC_PREPROCESSOR_DEFINITIONS = (
					"DEBUG=1",
					"$(inherited)",
				);
				GCC_WARN_64_TO_32_BIT_CONVERSION = YES;
				GCC_WARN_ABOUT_RETURN_TYPE = YES_ERROR;
				GCC_WARN_UNDECLARED_SELECTOR = YES;
				GCC_WARN_UNINITIALIZED_AUTOS = YES_AGGRESSIVE;
				GCC_WARN_UNUSED_FUNCTION = YES;
				GCC_WARN_UNUSED_VARIABLE = YES;
				IPHONEOS_DEPLOYMENT_TARGET = 10.2;
				MTL_ENABLE_DEBUG_INFO = YES;
				ONLY_ACTIVE_ARCH = YES;
				SDKROOT = iphoneos;
			};
			name = Debug;
		};
		E4176AE71E6B665F005A5EBB /* Release */ = {
			isa = XCBuildConfiguration;
			buildSettings = {
				ALWAYS_SEARCH_USER_PATHS = NO;
				CLANG_ANALYZER_NONNULL = YES;
				CLANG_CXX_LANGUAGE_STANDARD = "gnu++0x";
				CLANG_CXX_LIBRARY = "libc++";
				CLANG_ENABLE_MODULES = YES;
				CLANG_ENABLE_OBJC_ARC = YES;
				CLANG_WARN_BOOL_CONVERSION = YES;
				CLANG_WARN_CONSTANT_CONVERSION = YES;
				CLANG_WARN_DIRECT_OBJC_ISA_USAGE = YES_ERROR;
				CLANG_WARN_DOCUMENTATION_COMMENTS = YES;
				CLANG_WARN_EMPTY_BODY = YES;
				CLANG_WARN_ENUM_CONVERSION = YES;
				CLANG_WARN_INFINITE_RECURSION = YES;
				CLANG_WARN_INT_CONVERSION = YES;
				CLANG_WARN_OBJC_ROOT_CLASS = YES_ERROR;
				CLANG_WARN_SUSPICIOUS_MOVE = YES;
				CLANG_WARN_UNREACHABLE_CODE = YES;
				CLANG_WARN__DUPLICATE_METHOD_MATCH = YES;
				"CODE_SIGN_IDENTITY[sdk=iphoneos*]" = "iPhone Developer";
				COPY_PHASE_STRIP = NO;
				DEBUG_INFORMATION_FORMAT = "dwarf-with-dsym";
				ENABLE_NS_ASSERTIONS = NO;
				ENABLE_STRICT_OBJC_MSGSEND = YES;
				GCC_C_LANGUAGE_STANDARD = gnu99;
				GCC_NO_COMMON_BLOCKS = YES;
				GCC_WARN_64_TO_32_BIT_CONVERSION = YES;
				GCC_WARN_ABOUT_RETURN_TYPE = YES_ERROR;
				GCC_WARN_UNDECLARED_SELECTOR = YES;
				GCC_WARN_UNINITIALIZED_AUTOS = YES_AGGRESSIVE;
				GCC_WARN_UNUSED_FUNCTION = YES;
				GCC_WARN_UNUSED_VARIABLE = YES;
				IPHONEOS_DEPLOYMENT_TARGET = 10.2;
				MTL_ENABLE_DEBUG_INFO = NO;
				SDKROOT = iphoneos;
				VALIDATE_PRODUCT = YES;
			};
			name = Release;
		};
		E4176AE91E6B665F005A5EBB /* Debug */ = {
			isa = XCBuildConfiguration;
			baseConfigurationReference = 6B7B278326BD58B5FC719E9B /* Pods-workshopiOS.debug.xcconfig */;
			buildSettings = {
				ASSETCATALOG_COMPILER_APPICON_NAME = AppIcon;
				INFOPLIST_FILE = workshopiOS/Info.plist;
				LD_RUNPATH_SEARCH_PATHS = "$(inherited) @executable_path/Frameworks";
				PRODUCT_BUNDLE_IDENTIFIER = org.yasminbenatti.workshopiOS;
				PRODUCT_NAME = "$(TARGET_NAME)";
			};
			name = Debug;
		};
		E4176AEA1E6B665F005A5EBB /* Release */ = {
			isa = XCBuildConfiguration;
			baseConfigurationReference = 09A9326A5F7E50476348B0D7 /* Pods-workshopiOS.release.xcconfig */;
			buildSettings = {
				ASSETCATALOG_COMPILER_APPICON_NAME = AppIcon;
				INFOPLIST_FILE = workshopiOS/Info.plist;
				LD_RUNPATH_SEARCH_PATHS = "$(inherited) @executable_path/Frameworks";
				PRODUCT_BUNDLE_IDENTIFIER = org.yasminbenatti.workshopiOS;
				PRODUCT_NAME = "$(TARGET_NAME)";
			};
			name = Release;
		};
		E4176AEC1E6B665F005A5EBB /* Debug */ = {
			isa = XCBuildConfiguration;
			buildSettings = {
				BUNDLE_LOADER = "$(TEST_HOST)";
				INFOPLIST_FILE = workshopiOSTests/Info.plist;
				LD_RUNPATH_SEARCH_PATHS = "$(inherited) @executable_path/Frameworks @loader_path/Frameworks";
				PRODUCT_BUNDLE_IDENTIFIER = org.yasminbenatti.workshopiOSTests;
				PRODUCT_NAME = "$(TARGET_NAME)";
				TEST_HOST = "$(BUILT_PRODUCTS_DIR)/workshopiOS.app/workshopiOS";
			};
			name = Debug;
		};
		E4176AED1E6B665F005A5EBB /* Release */ = {
			isa = XCBuildConfiguration;
			buildSettings = {
				BUNDLE_LOADER = "$(TEST_HOST)";
				INFOPLIST_FILE = workshopiOSTests/Info.plist;
				LD_RUNPATH_SEARCH_PATHS = "$(inherited) @executable_path/Frameworks @loader_path/Frameworks";
				PRODUCT_BUNDLE_IDENTIFIER = org.yasminbenatti.workshopiOSTests;
				PRODUCT_NAME = "$(TARGET_NAME)";
				TEST_HOST = "$(BUILT_PRODUCTS_DIR)/workshopiOS.app/workshopiOS";
			};
			name = Release;
		};
		E4176AEF1E6B665F005A5EBB /* Debug */ = {
			isa = XCBuildConfiguration;
			buildSettings = {
				INFOPLIST_FILE = workshopiOSUITests/Info.plist;
				LD_RUNPATH_SEARCH_PATHS = "$(inherited) @executable_path/Frameworks @loader_path/Frameworks";
				PRODUCT_BUNDLE_IDENTIFIER = org.yasminbenatti.workshopiOSUITests;
				PRODUCT_NAME = "$(TARGET_NAME)";
				TEST_TARGET_NAME = workshopiOS;
			};
			name = Debug;
		};
		E4176AF01E6B665F005A5EBB /* Release */ = {
			isa = XCBuildConfiguration;
			buildSettings = {
				INFOPLIST_FILE = workshopiOSUITests/Info.plist;
				LD_RUNPATH_SEARCH_PATHS = "$(inherited) @executable_path/Frameworks @loader_path/Frameworks";
				PRODUCT_BUNDLE_IDENTIFIER = org.yasminbenatti.workshopiOSUITests;
				PRODUCT_NAME = "$(TARGET_NAME)";
				TEST_TARGET_NAME = workshopiOS;
			};
			name = Release;
		};
/* End XCBuildConfiguration section */

/* Begin XCConfigurationList section */
		E4176AB61E6B665F005A5EBB /* Build configuration list for PBXProject "workshopiOS" */ = {
			isa = XCConfigurationList;
			buildConfigurations = (
				E4176AE61E6B665F005A5EBB /* Debug */,
				E4176AE71E6B665F005A5EBB /* Release */,
			);
			defaultConfigurationIsVisible = 0;
			defaultConfigurationName = Release;
		};
		E4176AE81E6B665F005A5EBB /* Build configuration list for PBXNativeTarget "workshopiOS" */ = {
			isa = XCConfigurationList;
			buildConfigurations = (
				E4176AE91E6B665F005A5EBB /* Debug */,
				E4176AEA1E6B665F005A5EBB /* Release */,
			);
			defaultConfigurationIsVisible = 0;
			defaultConfigurationName = Release;
		};
		E4176AEB1E6B665F005A5EBB /* Build configuration list for PBXNativeTarget "workshopiOSTests" */ = {
			isa = XCConfigurationList;
			buildConfigurations = (
				E4176AEC1E6B665F005A5EBB /* Debug */,
				E4176AED1E6B665F005A5EBB /* Release */,
			);
			defaultConfigurationIsVisible = 0;
			defaultConfigurationName = Release;
		};
		E4176AEE1E6B665F005A5EBB /* Build configuration list for PBXNativeTarget "workshopiOSUITests" */ = {
			isa = XCConfigurationList;
			buildConfigurations = (
				E4176AEF1E6B665F005A5EBB /* Debug */,
				E4176AF01E6B665F005A5EBB /* Release */,
			);
			defaultConfigurationIsVisible = 0;
			defaultConfigurationName = Release;
		};
/* End XCConfigurationList section */
	};
	rootObject = E4176AB31E6B665F005A5EBB /* Project object */;
}
